
Microsoft Visual Studio Solution File, Format Version 12.00
# Visual Studio 2013
VisualStudioVersion = 12.0.21005.1
MinimumVisualStudioVersion = 10.0.40219.1
Project("{E24C65DC-7377-472B-9ABA-BC803B73C61A}") = "ProtesisOrtesis(2)", "http://localhost:1303", "{C41D14F4-F612-47CD-A053-560E8D9EAECB}"
	ProjectSection(WebsiteProperties) = preProject
		UseIISExpress = "true"
		TargetFrameworkMoniker = ".NETFramework,Version%3Dv4.5"
		Debug.AspNetCompiler.VirtualPath = "/localhost_1303"
		Debug.AspNetCompiler.PhysicalPath = "..\..\WebSites\ProtesisOrtesis\"
		Debug.AspNetCompiler.TargetPath = "PrecompiledWeb\localhost_1303\"
		Debug.AspNetCompiler.Updateable = "true"
		Debug.AspNetCompiler.ForceOverwrite = "true"
		Debug.AspNetCompiler.FixedNames = "false"
		Debug.AspNetCompiler.Debug = "True"
		Release.AspNetCompiler.VirtualPath = "/localhost_1303"
		Release.AspNetCompiler.PhysicalPath = "..\..\WebSites\ProtesisOrtesis\"
		Release.AspNetCompiler.TargetPath = "PrecompiledWeb\localhost_1303\"
		Release.AspNetCompiler.Updateable = "true"
		Release.AspNetCompiler.ForceOverwrite = "true"
		Release.AspNetCompiler.FixedNames = "false"
		Release.AspNetCompiler.Debug = "False"
		SlnRelativePath = "..\..\WebSites\ProtesisOrtesis\"
		DefaultWebSiteLanguage = "Visual C#"
	EndProjectSection
EndProject
Project("{E24C65DC-7377-472B-9ABA-BC803B73C61A}") = "ProtesisOrtesis_2", "http://localhost:1382", "{272D82E1-311D-4662-B376-0508F3826E4C}"
	ProjectSection(WebsiteProperties) = preProject
		UseIISExpress = "true"
		TargetFrameworkMoniker = ".NETFramework,Version%3Dv4.5"
		Debug.AspNetCompiler.VirtualPath = "/localhost_1382"
		Debug.AspNetCompiler.PhysicalPath = "..\..\WebSites\ProtesisOrtesis_2\"
		Debug.AspNetCompiler.TargetPath = "PrecompiledWeb\localhost_1382\"
		Debug.AspNetCompiler.Updateable = "true"
		Debug.AspNetCompiler.ForceOverwrite = "true"
		Debug.AspNetCompiler.FixedNames = "false"
		Debug.AspNetCompiler.Debug = "True"
		Release.AspNetCompiler.VirtualPath = "/localhost_1382"
		Release.AspNetCompiler.PhysicalPath = "..\..\WebSites\ProtesisOrtesis_2\"
		Release.AspNetCompiler.TargetPath = "PrecompiledWeb\localhost_1382\"
		Release.AspNetCompiler.Updateable = "true"
		Release.AspNetCompiler.ForceOverwrite = "true"
		Release.AspNetCompiler.FixedNames = "false"
		Release.AspNetCompiler.Debug = "False"
		SlnRelativePath = "..\..\WebSites\ProtesisOrtesis_2\"
		DefaultWebSiteLanguage = "Visual C#"
	EndProjectSection
EndProject
Project("{FAE04EC0-301F-11D3-BF4B-00C04F79EFBC}") = "ProtesisOrtesis_3", "..\ProtesisOrtesis_3\ProtesisOrtesis_3\ProtesisOrtesis_3.csproj", "{4D90F3FB-AE11-4401-AEDE-8D45DAC34BB9}"
EndProject
Global
	GlobalSection(SolutionConfigurationPlatforms) = preSolution
		Debug|Any CPU = Debug|Any CPU
		Release|Any CPU = Release|Any CPU
	EndGlobalSection
	GlobalSection(ProjectConfigurationPlatforms) = postSolution
		{C41D14F4-F612-47CD-A053-560E8D9EAECB}.Debug|Any CPU.ActiveCfg = Debug|Any CPU
		{C41D14F4-F612-47CD-A053-560E8D9EAECB}.Debug|Any CPU.Build.0 = Debug|Any CPU
		{C41D14F4-F612-47CD-A053-560E8D9EAECB}.Release|Any CPU.ActiveCfg = Debug|Any CPU
		{C41D14F4-F612-47CD-A053-560E8D9EAECB}.Release|Any CPU.Build.0 = Debug|Any CPU
		{272D82E1-311D-4662-B376-0508F3826E4C}.Debug|Any CPU.ActiveCfg = Debug|Any CPU
		{272D82E1-311D-4662-B376-0508F3826E4C}.Debug|Any CPU.Build.0 = Debug|Any CPU
		{272D82E1-311D-4662-B376-0508F3826E4C}.Release|Any CPU.ActiveCfg = Debug|Any CPU
		{272D82E1-311D-4662-B376-0508F3826E4C}.Release|Any CPU.Build.0 = Debug|Any CPU
		{4D90F3FB-AE11-4401-AEDE-8D45DAC34BB9}.Debug|Any CPU.ActiveCfg = Debug|Any CPU
		{4D90F3FB-AE11-4401-AEDE-8D45DAC34BB9}.Debug|Any CPU.Build.0 = Debug|Any CPU
		{4D90F3FB-AE11-4401-AEDE-8D45DAC34BB9}.Release|Any CPU.ActiveCfg = Release|Any CPU
		{4D90F3FB-AE11-4401-AEDE-8D45DAC34BB9}.Release|Any CPU.Build.0 = Release|Any CPU
	EndGlobalSection
	GlobalSection(SolutionProperties) = preSolution
		HideSolutionNode = FALSE
	EndGlobalSection
EndGlobal
