
Microsoft Visual Studio Solution File, Format Version 12.00
# Visual Studio 2013
VisualStudioVersion = 12.0.21005.1
MinimumVisualStudioVersion = 10.0.40219.1
Project("{FAE04EC0-301F-11D3-BF4B-00C04F79EFBC}") = "ProtesisOrtesis_sw_v05", "ProtesisOrtesis_sw_v05\ProtesisOrtesis_sw_v05.csproj", "{E4F8F511-4CAC-4180-B069-B52FCB6CE122}"
EndProject
Project("{FAE04EC0-301F-11D3-BF4B-00C04F79EFBC}") = "ProtesisOrtesis_sw_v05.Tests", "ProtesisOrtesis_sw_v05.Tests\ProtesisOrtesis_sw_v05.Tests.csproj", "{138D185E-0D1B-4C08-A84B-650B7E5E34F1}"
EndProject
Global
	GlobalSection(SolutionConfigurationPlatforms) = preSolution
		Debug|Any CPU = Debug|Any CPU
		Release|Any CPU = Release|Any CPU
	EndGlobalSection
	GlobalSection(ProjectConfigurationPlatforms) = postSolution
		{E4F8F511-4CAC-4180-B069-B52FCB6CE122}.Debug|Any CPU.ActiveCfg = Debug|Any CPU
		{E4F8F511-4CAC-4180-B069-B52FCB6CE122}.Debug|Any CPU.Build.0 = Debug|Any CPU
		{E4F8F511-4CAC-4180-B069-B52FCB6CE122}.Release|Any CPU.ActiveCfg = Release|Any CPU
		{E4F8F511-4CAC-4180-B069-B52FCB6CE122}.Release|Any CPU.Build.0 = Release|Any CPU
		{138D185E-0D1B-4C08-A84B-650B7E5E34F1}.Debug|Any CPU.ActiveCfg = Debug|Any CPU
		{138D185E-0D1B-4C08-A84B-650B7E5E34F1}.Debug|Any CPU.Build.0 = Debug|Any CPU
		{138D185E-0D1B-4C08-A84B-650B7E5E34F1}.Release|Any CPU.ActiveCfg = Release|Any CPU
		{138D185E-0D1B-4C08-A84B-650B7E5E34F1}.Release|Any CPU.Build.0 = Release|Any CPU
	EndGlobalSection
	GlobalSection(SolutionProperties) = preSolution
		HideSolutionNode = FALSE
	EndGlobalSection
EndGlobal
